# This file is autogenerated, do not edit; changes may be undone by the next 'dep ensure'.


[[projects]]
  digest = "1:fc31cd6fc2f965a819bc4e132c2d79bc23faa52cf15886c86cf22a45e46fd599"
  name = "github.com/bwesterb/go-exptable"
  packages = ["."]
  pruneopts = "UT"
  revision = "dd5d262925640ee5ec74905aef1111d3328493a2"
  version = "v1.0.0"

[[projects]]
  digest = "1:ffe9824d294da03b391f44e1ae8281281b4afc1bdaa9588c9097785e3af10cec"
  name = "github.com/davecgh/go-spew"
  packages = ["spew"]
  pruneopts = "UT"
  revision = "8991bc29aa16c548c550c7ff78260e27b9ab7c73"
  version = "v1.1.1"

[[projects]]
  digest = "1:0886f4871903067916897c67caeb787f81c9a155391da901aa25f26802953ec6"
  name = "github.com/fxamacker/cbor"
  packages = ["."]
  pruneopts = "UT"
  revision = "6faee5e1f8b6270f9bdcfefbc9bdfa8c026de629"
  version = "v1.5.0"

[[projects]]
  digest = "1:aacef5f5e45685f2aeda5534d0a750dee6859de7e9088cdd06192787bb01ae6d"
  name = "github.com/go-errors/errors"
  packages = ["."]
  pruneopts = "UT"
  revision = "a6af135bd4e28680facf08a3d206b454abc877a4"
  version = "v1.0.1"

[[projects]]
  branch = "master"
  digest = "1:130cefe87d7eeefc824978dcb78e35672d4c49a11f25c153fbf0cfd952756fa3"
  name = "github.com/minio/blake2b-simd"
  packages = ["."]
  pruneopts = "UT"
  revision = "3f5f724cb5b182a5c278d6d3d55b40e7f8c2efb4"

[[projects]]
  digest = "1:0d8b29788bd5eef02a1d7cff49bc557d66dccbfe5c386b6422d8a4e4752a5e14"
  name = "github.com/minio/sha256-simd"
  packages = ["."]
  pruneopts = "UT"
  revision = "6de4475307716de15b286880ff321c9547086fdd"
  version = "v0.1.1"

[[projects]]
  digest = "1:b6299badabd66eaede0651e2eaede106d8298b25564e4a7f23e335471d3e5a35"
  name = "github.com/mr-tron/base58"
  packages = ["base58"]
  pruneopts = "UT"
  revision = "b1dd383fd2c02d7933db93f157e339f1899b5163"
  version = "v1.1.3"

[[projects]]
  digest = "1:f550c302300c239c89d4a1d79f2093f67a344e2fbfd2acd7acef1fcf47c0ad6f"
  name = "github.com/multiformats/go-multihash"
  packages = ["."]
  pruneopts = "UT"
  revision = "572861f2e56f271cbbcab31a85a24453e676c8c8"
  version = "v0.0.10"

[[projects]]
  digest = "1:0028cb19b2e4c3112225cd871870f2d9cf49b9b4276531f03438a88e94be86fe"
  name = "github.com/pmezard/go-difflib"
  packages = ["difflib"]
  pruneopts = "UT"
  revision = "792786c7400a136282c1664665ae0a8db921c6c2"
  version = "v1.0.0"

[[projects]]
  branch = "export_fields"
  digest = "1:9938de49f8f055e534b2068c93c695575ab65ed0411fd8185f53ff42bb09722f"
  name = "github.com/privacybydesign/gabi"
  packages = [
    ".",
    "big",
    "keyproof",
    "pkg/common",
    "revocation",
    "safeprime",
    "signed",
  ]
  pruneopts = "UT"
  revision = "519d8bc9da506b882dc574008625fd06ccc98941"
  source = "https://github.com/weichweich/gabi.git"

[[projects]]
  digest = "1:919bb3aa6d9d0b67648c219fa4925312bc3c2872da19e818fa769e9c97a2b643"
  name = "github.com/spaolacci/murmur3"
  packages = ["."]
  pruneopts = "UT"
  revision = "9f5d223c60793748f04a9d5b4b4eacddfc1f755d"
  version = "v1.1"

[[projects]]
  digest = "1:99d32780e5238c2621fff621123997c3e3cca96db8be13179013aea77dfab551"
  name = "github.com/stretchr/testify"
  packages = [
    "assert",
    "require",
  ]
  pruneopts = "UT"
  revision = "221dbe5ed46703ee255b1da0dec05086f5035f62"
  version = "v1.4.0"

[[projects]]
  digest = "1:91b40a2adb6b4ccd51b1dfb306edfa76139e1599b01666346085472b386f5447"
  name = "github.com/tyler-smith/go-bip39"
  packages = [
    ".",
    "wordlists",
  ]
  pruneopts = "UT"
  revision = "5e3853c3f4e1a44df487c7efeb064ee8b43755de"
  version = "1.0.2"

[[projects]]
  digest = "1:3c05adbe0ae103967371c140e04683bf89d791badd8f384c6425abe14fe26513"
  name = "github.com/x448/float16"
  packages = ["."]
  pruneopts = "UT"
  revision = "ad709cdedc4e59c972effbb87ae80fe20bd81f7a"
  version = "v0.8.3"

[[projects]]
  branch = "master"
  digest = "1:ab21860c302e36a82a205d19bf9a523c33a90960bd9c0186bbce7061ad1f2e42"
  name = "golang.org/x/crypto"
  packages = [
    "blake2s",
    "pbkdf2",
    "sha3",
  ]
  pruneopts = "UT"
  revision = "61a87790db17894570dfb32dbaa0a4af9ce60cb4"

[[projects]]
  branch = "master"
  digest = "1:2620d7efbd6e99521e224cbc08b57e4fb928def72e7d9f138cde3a3c568a71c7"
  name = "golang.org/x/sys"
  packages = ["cpu"]
  pruneopts = "UT"
  revision = "548cf772de5052aa878ccb47cdeb7d262b75c8ec"

[[projects]]
  digest = "1:b75b3deb2bce8bc079e16bb2aecfe01eb80098f5650f9e93e5643ca8b7b73737"
  name = "gopkg.in/yaml.v2"
  packages = ["."]
  pruneopts = "UT"
  revision = "1f64d6156d11335c3f22d9330b0ad14fc1e789ce"
  version = "v2.2.7"

[solve-meta]
  analyzer-name = "dep"
  analyzer-version = 1
  input-imports = [
    "github.com/privacybydesign/gabi",
    "github.com/privacybydesign/gabi/big",
    "github.com/privacybydesign/gabi/pkg/common",
    "github.com/privacybydesign/gabi/revocation",
    "github.com/stretchr/testify/assert",
    "github.com/stretchr/testify/require",
    "github.com/tyler-smith/go-bip39",
  ]
  solver-name = "gps-cdcl"
  solver-version = 1
