# This file is autogenerated, do not edit; changes may be undone by the next 'dep ensure'.


[[projects]]
  digest = "1:fc31cd6fc2f965a819bc4e132c2d79bc23faa52cf15886c86cf22a45e46fd599"
  name = "github.com/bwesterb/go-exptable"
  packages = ["."]
  pruneopts = "UT"
  revision = "dd5d262925640ee5ec74905aef1111d3328493a2"
  version = "v1.0.0"

[[projects]]
  digest = "1:ffe9824d294da03b391f44e1ae8281281b4afc1bdaa9588c9097785e3af10cec"
  name = "github.com/davecgh/go-spew"
  packages = ["spew"]
  pruneopts = "UT"
  revision = "8991bc29aa16c548c550c7ff78260e27b9ab7c73"
  version = "v1.1.1"

[[projects]]
  digest = "1:31bb879cd46c543afb1ab0a08cb051bf795d247a870dd82e622f345812903d8a"
  name = "github.com/fxamacker/cbor"
  packages = ["."]
  pruneopts = "UT"
  revision = "19c21f85d9c2bc9f86fa34b7e308e7814c8e9f31"
  version = "v1.5.1"

[[projects]]
  digest = "1:aacef5f5e45685f2aeda5534d0a750dee6859de7e9088cdd06192787bb01ae6d"
  name = "github.com/go-errors/errors"
  packages = ["."]
  pruneopts = "UT"
  revision = "a6af135bd4e28680facf08a3d206b454abc877a4"
  version = "v1.0.1"

[[projects]]
  digest = "1:31e761d97c76151dde79e9d28964a812c46efc5baee4085b86f68f0c654450de"
  name = "github.com/konsorten/go-windows-terminal-sequences"
  packages = ["."]
  pruneopts = "UT"
  revision = "f55edac94c9bbba5d6182a4be46d86a2c9b5b50e"
  version = "v1.0.2"

[[projects]]
  branch = "master"
  digest = "1:130cefe87d7eeefc824978dcb78e35672d4c49a11f25c153fbf0cfd952756fa3"
  name = "github.com/minio/blake2b-simd"
  packages = ["."]
  pruneopts = "UT"
  revision = "3f5f724cb5b182a5c278d6d3d55b40e7f8c2efb4"

[[projects]]
  digest = "1:0d8b29788bd5eef02a1d7cff49bc557d66dccbfe5c386b6422d8a4e4752a5e14"
  name = "github.com/minio/sha256-simd"
  packages = ["."]
  pruneopts = "UT"
  revision = "6de4475307716de15b286880ff321c9547086fdd"
  version = "v0.1.1"

[[projects]]
  digest = "1:b6299badabd66eaede0651e2eaede106d8298b25564e4a7f23e335471d3e5a35"
  name = "github.com/mr-tron/base58"
  packages = ["base58"]
  pruneopts = "UT"
  revision = "b1dd383fd2c02d7933db93f157e339f1899b5163"
  version = "v1.1.3"

[[projects]]
  digest = "1:9b6ec330cdda76d7b8fb3cb4238d7ab8ee98f672859fcb3dcc7dd395312f5770"
  name = "github.com/multiformats/go-multihash"
  packages = ["."]
  pruneopts = "UT"
  revision = "6b39927dce4869bc1726861b65ada415ee1f7fc7"
  version = "v0.0.13"

[[projects]]
  digest = "1:6be8092c93e6eb9ec606a153d16fa042e087be8be9a91f49515dfe0d0b504a5f"
  name = "github.com/multiformats/go-varint"
  packages = ["."]
  pruneopts = "UT"
  revision = "99465703c4a9cf53a0235e52608cb055e9d39c29"
  version = "v0.0.5"

[[projects]]
  digest = "1:0028cb19b2e4c3112225cd871870f2d9cf49b9b4276531f03438a88e94be86fe"
  name = "github.com/pmezard/go-difflib"
  packages = ["difflib"]
  pruneopts = "UT"
  revision = "792786c7400a136282c1664665ae0a8db921c6c2"
  version = "v1.0.0"

[[projects]]
  branch = "master"
  digest = "1:67e4da3b73984b9c81bf3e23b10ba0274203c7b169eb9324aaf2ca36546987bd"
  name = "github.com/privacybydesign/gabi"
  packages = [
    ".",
    "big",
    "keyproof",
    "pkg/common",
    "revocation",
    "safeprime",
    "signed",
  ]
  pruneopts = "UT"
  revision = "3980bf90ec57fa74a97c1bd998e41ce4d7f4b0e2"
  source = "https://github.com/weichweich/gabi.git"

[[projects]]
  digest = "1:04457f9f6f3ffc5fea48e71d62f2ca256637dee0a04d710288e27e05c8b41976"
  name = "github.com/sirupsen/logrus"
  packages = ["."]
  pruneopts = "UT"
  revision = "839c75faf7f98a33d445d181f3018b5c3409a45e"
  version = "v1.4.2"

[[projects]]
  digest = "1:919bb3aa6d9d0b67648c219fa4925312bc3c2872da19e818fa769e9c97a2b643"
  name = "github.com/spaolacci/murmur3"
  packages = ["."]
  pruneopts = "UT"
  revision = "9f5d223c60793748f04a9d5b4b4eacddfc1f755d"
  version = "v1.1"

[[projects]]
  digest = "1:99d32780e5238c2621fff621123997c3e3cca96db8be13179013aea77dfab551"
  name = "github.com/stretchr/testify"
  packages = [
    "assert",
    "require",
  ]
  pruneopts = "UT"
  revision = "221dbe5ed46703ee255b1da0dec05086f5035f62"
  version = "v1.4.0"

[[projects]]
  digest = "1:93f4c18679de6a3e34b9a3de10c5436e9888b5879ed7de0520749e1eac546bd8"
  name = "github.com/x448/float16"
  packages = ["."]
  pruneopts = "UT"
  revision = "cb9afec31f2649663ebb64da5c6c32c3d365c3ca"
  version = "v0.8.4"

[[projects]]
  branch = "master"
  digest = "1:655984762d98b0e453af28cb6078d33479080784efb056ba7f365b5d4814d3fe"
  name = "golang.org/x/crypto"
  packages = [
    "blake2s",
    "sha3",
  ]
  pruneopts = "UT"
  revision = "1d94cc7ab1c630336ab82ccb9c9cda72a875c382"

[[projects]]
  branch = "master"
  digest = "1:7de648205abecc42998c184d62a0cde1ec568a476fdaf0d8366591e943b3cdad"
  name = "golang.org/x/sys"
  packages = [
    "cpu",
    "unix",
  ]
  pruneopts = "UT"
  revision = "9197077df8675547dfa5e04c6dfcd024257a2030"

[[projects]]
  digest = "1:55b110c99c5fdc4f14930747326acce56b52cfce60b24b1c03ef686ac0e46bb1"
  name = "gopkg.in/yaml.v2"
  packages = ["."]
  pruneopts = "UT"
  revision = "53403b58ad1b561927d19068c655246f2db79d48"
  version = "v2.2.8"

[solve-meta]
  analyzer-name = "dep"
  analyzer-version = 1
  input-imports = [
    "github.com/privacybydesign/gabi",
    "github.com/privacybydesign/gabi/big",
    "github.com/privacybydesign/gabi/pkg/common",
    "github.com/privacybydesign/gabi/revocation",
    "github.com/stretchr/testify/assert",
    "github.com/stretchr/testify/require",
  ]
  solver-name = "gps-cdcl"
  solver-version = 1
